
Microsoft Visual Studio Solution File, Format Version 12.00
# Visual Studio 15
VisualStudioVersion = 15.0.28010.2046
MinimumVisualStudioVersion = 10.0.40219.1
Project("{FAE04EC0-301F-11D3-BF4B-00C04F79EFBC}") = "SalesWebMvc", "SalesWebMvc\SalesWebMvc.csproj", "{6731D19F-5DA8-447A-9101-DA6C387B7B51}"
EndProject
Global
	GlobalSection(SolutionConfigurationPlatforms) = preSolution
		Debug|Any CPU = Debug|Any CPU
		Release|Any CPU = Release|Any CPU
	EndGlobalSection
	GlobalSection(ProjectConfigurationPlatforms) = postSolution
		{6731D19F-5DA8-447A-9101-DA6C387B7B51}.Debug|Any CPU.ActiveCfg = Debug|Any CPU
		{6731D19F-5DA8-447A-9101-DA6C387B7B51}.Debug|Any CPU.Build.0 = Debug|Any CPU
		{6731D19F-5DA8-447A-9101-DA6C387B7B51}.Release|Any CPU.ActiveCfg = Release|Any CPU
		{6731D19F-5DA8-447A-9101-DA6C387B7B51}.Release|Any CPU.Build.0 = Release|Any CPU
	EndGlobalSection
	GlobalSection(SolutionProperties) = preSolution
		HideSolutionNode = FALSE
	EndGlobalSection
	GlobalSection(ExtensibilityGlobals) = postSolution
		SolutionGuid = {C2BC3802-DFB9-4E11-A872-1FCCF419B601}
	EndGlobalSection
EndGlobal
